
Microsoft Visual Studio Solution File, Format Version 12.00
# Visual Studio Version 17
VisualStudioVersion = 17.14.36310.24 d17.14
MinimumVisualStudioVersion = 10.0.40219.1
Project("{FAE04EC0-301F-11D3-BF4B-00C04F79EFBC}") = "Examen2", "Examen2\Examen2.csproj", "{48981F8A-CA0E-4813-B64B-E209B34AC6EC}"
EndProject
Global
	GlobalSection(SolutionConfigurationPlatforms) = preSolution
		Debug|Any CPU = Debug|Any CPU
		Release|Any CPU = Release|Any CPU
	EndGlobalSection
	GlobalSection(ProjectConfigurationPlatforms) = postSolution
		{48981F8A-CA0E-4813-B64B-E209B34AC6EC}.Debug|Any CPU.ActiveCfg = Debug|Any CPU
		{48981F8A-CA0E-4813-B64B-E209B34AC6EC}.Debug|Any CPU.Build.0 = Debug|Any CPU
		{48981F8A-CA0E-4813-B64B-E209B34AC6EC}.Debug|Any CPU.Deploy.0 = Debug|Any CPU
		{48981F8A-CA0E-4813-B64B-E209B34AC6EC}.Release|Any CPU.ActiveCfg = Release|Any CPU
		{48981F8A-CA0E-4813-B64B-E209B34AC6EC}.Release|Any CPU.Build.0 = Release|Any CPU
		{48981F8A-CA0E-4813-B64B-E209B34AC6EC}.Release|Any CPU.Deploy.0 = Release|Any CPU
	EndGlobalSection
	GlobalSection(SolutionProperties) = preSolution
		HideSolutionNode = FALSE
	EndGlobalSection
	GlobalSection(ExtensibilityGlobals) = postSolution
		SolutionGuid = {686A1564-3855-4C66-96C7-05DC687CF206}
	EndGlobalSection
EndGlobal
